# Code generated by scarb DO NOT EDIT.
version = 1

[[package]]
name = "alexandria_storage"
version = "0.3.0"
source = "git+https://github.com/keep-starknet-strange/alexandria.git?rev=98aadc7e3f12dbb026e853604fe2cc061451cc8a#98aadc7e3f12dbb026e853604fe2cc061451cc8a"

[[package]]
name = "ekubo"
version = "0.1.0"
source = "git+https://github.com/EkuboProtocol/abis?rev=ef7a4076209317bb677846acd3590d990f2ae5a8#ef7a4076209317bb677846acd3590d990f2ae5a8"

[[package]]
name = "openzeppelin"
version = "0.8.0"
source = "git+https://github.com/OpenZeppelin/cairo-contracts.git?tag=v0.8.0#c23e8e96de60e6e3159b1ff8591a1187269c0eb7"

[[package]]
name = "snforge_std"
version = "0.16.0"
source = "git+https://github.com/foundry-rs/starknet-foundry?tag=v0.16.0#f58e0ab42b6095b7d0cb841ede595aecbc9cb45d"

[[package]]
name = "unruggable"
version = "0.1.0"
dependencies = [
 "alexandria_storage",
 "ekubo",
 "openzeppelin",
 "snforge_std",
]
